
Microsoft Visual Studio Solution File, Format Version 12.00
# Visual Studio Version 16
VisualStudioVersion = 16.0.30907.101
MinimumVisualStudioVersion = 10.0.40219.1
Project("{FAE04EC0-301F-11D3-BF4B-00C04F79EFBC}") = "EllipseCreateStockInstExcelAddIn", "EllipseCreateStockInstExcelAddIn\EllipseCreateStockInstExcelAddIn.csproj", "{CAD7D14A-CABE-4855-9783-43CB5D3D22B5}"
EndProject
Global
	GlobalSection(SolutionConfigurationPlatforms) = preSolution
		Debug|Any CPU = Debug|Any CPU
		Release|Any CPU = Release|Any CPU
	EndGlobalSection
	GlobalSection(ProjectConfigurationPlatforms) = postSolution
		{CAD7D14A-CABE-4855-9783-43CB5D3D22B5}.Debug|Any CPU.ActiveCfg = Debug|Any CPU
		{CAD7D14A-CABE-4855-9783-43CB5D3D22B5}.Debug|Any CPU.Build.0 = Debug|Any CPU
		{CAD7D14A-CABE-4855-9783-43CB5D3D22B5}.Release|Any CPU.ActiveCfg = Release|Any CPU
		{CAD7D14A-CABE-4855-9783-43CB5D3D22B5}.Release|Any CPU.Build.0 = Release|Any CPU
	EndGlobalSection
	GlobalSection(SolutionProperties) = preSolution
		HideSolutionNode = FALSE
	EndGlobalSection
	GlobalSection(ExtensibilityGlobals) = postSolution
		SolutionGuid = {758009E6-CAC9-42C0-9FD4-BD68C938FD24}
	EndGlobalSection
EndGlobal
