
Microsoft Visual Studio Solution File, Format Version 12.00
# Visual Studio 2013
VisualStudioVersion = 12.0.40629.0
MinimumVisualStudioVersion = 10.0.40219.1
Project("{FAE04EC0-301F-11D3-BF4B-00C04F79EFBC}") = "EllipseRequisitionServiceExcelAddIn", "EllipseRequisitionServiceExcelAddIn\EllipseRequisitionServiceExcelAddIn.csproj", "{C97136BE-08BE-4DBE-8A34-51111E76B250}"
EndProject
Project("{FAE04EC0-301F-11D3-BF4B-00C04F79EFBC}") = "EllipseCommonsClassLibrary", "..\EllipseCommonsClassLibraries\EllipseCommonsClassLibrary\EllipseCommonsClassLibrary.csproj", "{8487253F-F7E1-4C7E-AF6D-B5ABAB28F3A3}"
EndProject
Global
	GlobalSection(SolutionConfigurationPlatforms) = preSolution
		Debug|Any CPU = Debug|Any CPU
		Release|Any CPU = Release|Any CPU
	EndGlobalSection
	GlobalSection(ProjectConfigurationPlatforms) = postSolution
		{C97136BE-08BE-4DBE-8A34-51111E76B250}.Debug|Any CPU.ActiveCfg = Debug|Any CPU
		{C97136BE-08BE-4DBE-8A34-51111E76B250}.Debug|Any CPU.Build.0 = Debug|Any CPU
		{C97136BE-08BE-4DBE-8A34-51111E76B250}.Release|Any CPU.ActiveCfg = Release|Any CPU
		{C97136BE-08BE-4DBE-8A34-51111E76B250}.Release|Any CPU.Build.0 = Release|Any CPU
		{8487253F-F7E1-4C7E-AF6D-B5ABAB28F3A3}.Debug|Any CPU.ActiveCfg = Debug|Any CPU
		{8487253F-F7E1-4C7E-AF6D-B5ABAB28F3A3}.Debug|Any CPU.Build.0 = Debug|Any CPU
		{8487253F-F7E1-4C7E-AF6D-B5ABAB28F3A3}.Release|Any CPU.ActiveCfg = Release|Any CPU
		{8487253F-F7E1-4C7E-AF6D-B5ABAB28F3A3}.Release|Any CPU.Build.0 = Release|Any CPU
	EndGlobalSection
	GlobalSection(SolutionProperties) = preSolution
		HideSolutionNode = FALSE
	EndGlobalSection
EndGlobal
