
Microsoft Visual Studio Solution File, Format Version 12.00
# Visual Studio Version 16
VisualStudioVersion = 16.0.30804.86
MinimumVisualStudioVersion = 10.0.40219.1
Project("{FAE04EC0-301F-11D3-BF4B-00C04F79EFBC}") = "EllipseRequisitionServiceExcelAddIn", "EllipseRequisitionServiceExcelAddIn.csproj", "{A9EFBC4F-93E9-47B0-A1F1-0C864DE3CE96}"
EndProject
Global
	GlobalSection(SolutionConfigurationPlatforms) = preSolution
		Debug|Any CPU = Debug|Any CPU
		Release|Any CPU = Release|Any CPU
	EndGlobalSection
	GlobalSection(ProjectConfigurationPlatforms) = postSolution
		{A9EFBC4F-93E9-47B0-A1F1-0C864DE3CE96}.Debug|Any CPU.ActiveCfg = Debug|Any CPU
		{A9EFBC4F-93E9-47B0-A1F1-0C864DE3CE96}.Debug|Any CPU.Build.0 = Debug|Any CPU
		{A9EFBC4F-93E9-47B0-A1F1-0C864DE3CE96}.Release|Any CPU.ActiveCfg = Release|Any CPU
		{A9EFBC4F-93E9-47B0-A1F1-0C864DE3CE96}.Release|Any CPU.Build.0 = Release|Any CPU
	EndGlobalSection
	GlobalSection(SolutionProperties) = preSolution
		HideSolutionNode = FALSE
	EndGlobalSection
	GlobalSection(ExtensibilityGlobals) = postSolution
		SolutionGuid = {3FC692D4-64AE-4A25-A848-4680BA65CA05}
	EndGlobalSection
EndGlobal
