
Microsoft Visual Studio Solution File, Format Version 12.00
# Visual Studio Version 16
VisualStudioVersion = 16.0.30907.101
MinimumVisualStudioVersion = 10.0.40219.1
Project("{FAE04EC0-301F-11D3-BF4B-00C04F79EFBC}") = "EllipseMSO627InspPestanasAddIn", "EllipseMSO627InspPestanasAddIn\EllipseMSO627InspPestanasAddIn.csproj", "{6C072894-6191-4781-AA25-0556CF86EBC5}"
EndProject
Global
	GlobalSection(SolutionConfigurationPlatforms) = preSolution
		Debug|Any CPU = Debug|Any CPU
		Release|Any CPU = Release|Any CPU
	EndGlobalSection
	GlobalSection(ProjectConfigurationPlatforms) = postSolution
		{6C072894-6191-4781-AA25-0556CF86EBC5}.Debug|Any CPU.ActiveCfg = Debug|Any CPU
		{6C072894-6191-4781-AA25-0556CF86EBC5}.Debug|Any CPU.Build.0 = Debug|Any CPU
		{6C072894-6191-4781-AA25-0556CF86EBC5}.Release|Any CPU.ActiveCfg = Release|Any CPU
		{6C072894-6191-4781-AA25-0556CF86EBC5}.Release|Any CPU.Build.0 = Release|Any CPU
	EndGlobalSection
	GlobalSection(SolutionProperties) = preSolution
		HideSolutionNode = FALSE
	EndGlobalSection
	GlobalSection(ExtensibilityGlobals) = postSolution
		SolutionGuid = {83BC1AD1-07F6-400A-B447-F6983D70E74D}
	EndGlobalSection
EndGlobal
