
Microsoft Visual Studio Solution File, Format Version 12.00
# Visual Studio Version 16
VisualStudioVersion = 16.0.30804.86
MinimumVisualStudioVersion = 10.0.40219.1
Project("{FAE04EC0-301F-11D3-BF4B-00C04F79EFBC}") = "EllipseLogSheetStatisticsExcelAddIn", "EllipseLogSheetStatisticsExcelAddIn\EllipseLogSheetStatisticsExcelAddIn.csproj", "{BBC2DCEC-F1AB-4B26-990D-7DD8D4D249EA}"
EndProject
Global
	GlobalSection(SolutionConfigurationPlatforms) = preSolution
		CD_ROM|Any CPU = CD_ROM|Any CPU
		Debug|Any CPU = Debug|Any CPU
		DVD-5|Any CPU = DVD-5|Any CPU
		Release|Any CPU = Release|Any CPU
		SingleImage|Any CPU = SingleImage|Any CPU
	EndGlobalSection
	GlobalSection(ProjectConfigurationPlatforms) = postSolution
		{BBC2DCEC-F1AB-4B26-990D-7DD8D4D249EA}.CD_ROM|Any CPU.ActiveCfg = Release|Any CPU
		{BBC2DCEC-F1AB-4B26-990D-7DD8D4D249EA}.CD_ROM|Any CPU.Build.0 = Release|Any CPU
		{BBC2DCEC-F1AB-4B26-990D-7DD8D4D249EA}.Debug|Any CPU.ActiveCfg = Debug|Any CPU
		{BBC2DCEC-F1AB-4B26-990D-7DD8D4D249EA}.Debug|Any CPU.Build.0 = Debug|Any CPU
		{BBC2DCEC-F1AB-4B26-990D-7DD8D4D249EA}.DVD-5|Any CPU.ActiveCfg = Debug|Any CPU
		{BBC2DCEC-F1AB-4B26-990D-7DD8D4D249EA}.DVD-5|Any CPU.Build.0 = Debug|Any CPU
		{BBC2DCEC-F1AB-4B26-990D-7DD8D4D249EA}.Release|Any CPU.ActiveCfg = Release|Any CPU
		{BBC2DCEC-F1AB-4B26-990D-7DD8D4D249EA}.Release|Any CPU.Build.0 = Release|Any CPU
		{BBC2DCEC-F1AB-4B26-990D-7DD8D4D249EA}.SingleImage|Any CPU.ActiveCfg = Release|Any CPU
		{BBC2DCEC-F1AB-4B26-990D-7DD8D4D249EA}.SingleImage|Any CPU.Build.0 = Release|Any CPU
	EndGlobalSection
	GlobalSection(SolutionProperties) = preSolution
		HideSolutionNode = FALSE
	EndGlobalSection
	GlobalSection(ExtensibilityGlobals) = postSolution
		SolutionGuid = {54ADE297-AEB8-4FF9-8D16-885F729EB7E8}
	EndGlobalSection
EndGlobal
