
Microsoft Visual Studio Solution File, Format Version 12.00
# Visual Studio 2013
VisualStudioVersion = 12.0.40629.0
MinimumVisualStudioVersion = 10.0.40219.1
Project("{FAE04EC0-301F-11D3-BF4B-00C04F79EFBC}") = "EllipseReferenceCodesClassLibrary", "EllipseReferenceCodesClassLibrary.csproj", "{093EC04E-6E92-4E59-848B-5B79277FFE9B}"
EndProject
Project("{FAE04EC0-301F-11D3-BF4B-00C04F79EFBC}") = "EllipseCommonsClassLibrary", "..\EllipseCommonsClassLibrary\EllipseCommonsClassLibrary.csproj", "{8487253F-F7E1-4C7E-AF6D-B5ABAB28F3A3}"
EndProject
Project("{FAE04EC0-301F-11D3-BF4B-00C04F79EFBC}") = "EllipseStdTextClassLibrary", "..\EllipseStdTextClassLibrary\EllipseStdTextClassLibrary.csproj", "{55F2204E-933A-4B98-87A4-5BA928275192}"
EndProject
Global
	GlobalSection(SolutionConfigurationPlatforms) = preSolution
		Debug|Any CPU = Debug|Any CPU
		Release|Any CPU = Release|Any CPU
	EndGlobalSection
	GlobalSection(ProjectConfigurationPlatforms) = postSolution
		{093EC04E-6E92-4E59-848B-5B79277FFE9B}.Debug|Any CPU.ActiveCfg = Debug|Any CPU
		{093EC04E-6E92-4E59-848B-5B79277FFE9B}.Debug|Any CPU.Build.0 = Debug|Any CPU
		{093EC04E-6E92-4E59-848B-5B79277FFE9B}.Release|Any CPU.ActiveCfg = Release|Any CPU
		{093EC04E-6E92-4E59-848B-5B79277FFE9B}.Release|Any CPU.Build.0 = Release|Any CPU
		{8487253F-F7E1-4C7E-AF6D-B5ABAB28F3A3}.Debug|Any CPU.ActiveCfg = Debug|Any CPU
		{8487253F-F7E1-4C7E-AF6D-B5ABAB28F3A3}.Debug|Any CPU.Build.0 = Debug|Any CPU
		{8487253F-F7E1-4C7E-AF6D-B5ABAB28F3A3}.Release|Any CPU.ActiveCfg = Release|Any CPU
		{8487253F-F7E1-4C7E-AF6D-B5ABAB28F3A3}.Release|Any CPU.Build.0 = Release|Any CPU
		{55F2204E-933A-4B98-87A4-5BA928275192}.Debug|Any CPU.ActiveCfg = Debug|Any CPU
		{55F2204E-933A-4B98-87A4-5BA928275192}.Debug|Any CPU.Build.0 = Debug|Any CPU
		{55F2204E-933A-4B98-87A4-5BA928275192}.Release|Any CPU.ActiveCfg = Release|Any CPU
		{55F2204E-933A-4B98-87A4-5BA928275192}.Release|Any CPU.Build.0 = Release|Any CPU
	EndGlobalSection
	GlobalSection(SolutionProperties) = preSolution
		HideSolutionNode = FALSE
	EndGlobalSection
EndGlobal
