
Microsoft Visual Studio Solution File, Format Version 12.00
# Visual Studio Version 16
VisualStudioVersion = 16.0.30804.86
MinimumVisualStudioVersion = 10.0.40219.1
Project("{FAE04EC0-301F-11D3-BF4B-00C04F79EFBC}") = "EllipseVHSAcknowledgementExcelAddIn", "EllipseVHSAcknowledgementExcelAddIn.csproj", "{04A776F6-95D7-444B-9F75-BEAFF95E2997}"
EndProject
Global
	GlobalSection(SolutionConfigurationPlatforms) = preSolution
		Debug|Any CPU = Debug|Any CPU
		Release|Any CPU = Release|Any CPU
	EndGlobalSection
	GlobalSection(ProjectConfigurationPlatforms) = postSolution
		{04A776F6-95D7-444B-9F75-BEAFF95E2997}.Debug|Any CPU.ActiveCfg = Debug|Any CPU
		{04A776F6-95D7-444B-9F75-BEAFF95E2997}.Debug|Any CPU.Build.0 = Debug|Any CPU
		{04A776F6-95D7-444B-9F75-BEAFF95E2997}.Release|Any CPU.ActiveCfg = Release|Any CPU
		{04A776F6-95D7-444B-9F75-BEAFF95E2997}.Release|Any CPU.Build.0 = Release|Any CPU
	EndGlobalSection
	GlobalSection(SolutionProperties) = preSolution
		HideSolutionNode = FALSE
	EndGlobalSection
	GlobalSection(ExtensibilityGlobals) = postSolution
		SolutionGuid = {3B024458-2AC3-4DB3-BD50-099B0743FA3B}
	EndGlobalSection
EndGlobal
