
Microsoft Visual Studio Solution File, Format Version 12.00
# Visual Studio Version 16
VisualStudioVersion = 16.0.30804.86
MinimumVisualStudioVersion = 10.0.40219.1
Project("{FAE04EC0-301F-11D3-BF4B-00C04F79EFBC}") = "EllipseLabourCostingExcelAddIn", "EllipseLabourCostingExcelAddIn.csproj", "{AB5AC2FB-195B-4EC1-92E8-7AC4E197283F}"
EndProject
Project("{FAE04EC0-301F-11D3-BF4B-00C04F79EFBC}") = "EllipseWorkOrdersClassLibrary", "..\EllipseCommonsClassLibraries\EllipseWorkOrdersClassLibrary\EllipseWorkOrdersClassLibrary.csproj", "{B08F098E-E4DE-4431-8CF1-0E3156B96A00}"
EndProject
Project("{FAE04EC0-301F-11D3-BF4B-00C04F79EFBC}") = "EllipseStdTextClassLibrary", "..\EllipseCommonsClassLibraries\EllipseStdTextClassLibrary\EllipseStdTextClassLibrary.csproj", "{55F2204E-933A-4B98-87A4-5BA928275192}"
EndProject
Project("{FAE04EC0-301F-11D3-BF4B-00C04F79EFBC}") = "EllipseReferenceCodesClassLibrary", "..\EllipseCommonsClassLibraries\EllipseReferenceCodesClassLibrary\EllipseReferenceCodesClassLibrary.csproj", "{093EC04E-6E92-4E59-848B-5B79277FFE9B}"
EndProject
Global
	GlobalSection(SolutionConfigurationPlatforms) = preSolution
		Debug|Any CPU = Debug|Any CPU
		Release|Any CPU = Release|Any CPU
	EndGlobalSection
	GlobalSection(ProjectConfigurationPlatforms) = postSolution
		{AB5AC2FB-195B-4EC1-92E8-7AC4E197283F}.Debug|Any CPU.ActiveCfg = Debug|Any CPU
		{AB5AC2FB-195B-4EC1-92E8-7AC4E197283F}.Debug|Any CPU.Build.0 = Debug|Any CPU
		{AB5AC2FB-195B-4EC1-92E8-7AC4E197283F}.Release|Any CPU.ActiveCfg = Release|Any CPU
		{AB5AC2FB-195B-4EC1-92E8-7AC4E197283F}.Release|Any CPU.Build.0 = Release|Any CPU
		{B08F098E-E4DE-4431-8CF1-0E3156B96A00}.Debug|Any CPU.ActiveCfg = Debug|Any CPU
		{B08F098E-E4DE-4431-8CF1-0E3156B96A00}.Debug|Any CPU.Build.0 = Debug|Any CPU
		{B08F098E-E4DE-4431-8CF1-0E3156B96A00}.Release|Any CPU.ActiveCfg = Release|Any CPU
		{B08F098E-E4DE-4431-8CF1-0E3156B96A00}.Release|Any CPU.Build.0 = Release|Any CPU
		{55F2204E-933A-4B98-87A4-5BA928275192}.Debug|Any CPU.ActiveCfg = Debug|Any CPU
		{55F2204E-933A-4B98-87A4-5BA928275192}.Debug|Any CPU.Build.0 = Debug|Any CPU
		{55F2204E-933A-4B98-87A4-5BA928275192}.Release|Any CPU.ActiveCfg = Release|Any CPU
		{55F2204E-933A-4B98-87A4-5BA928275192}.Release|Any CPU.Build.0 = Release|Any CPU
		{093EC04E-6E92-4E59-848B-5B79277FFE9B}.Debug|Any CPU.ActiveCfg = Debug|Any CPU
		{093EC04E-6E92-4E59-848B-5B79277FFE9B}.Debug|Any CPU.Build.0 = Debug|Any CPU
		{093EC04E-6E92-4E59-848B-5B79277FFE9B}.Release|Any CPU.ActiveCfg = Release|Any CPU
		{093EC04E-6E92-4E59-848B-5B79277FFE9B}.Release|Any CPU.Build.0 = Release|Any CPU
	EndGlobalSection
	GlobalSection(SolutionProperties) = preSolution
		HideSolutionNode = FALSE
	EndGlobalSection
	GlobalSection(ExtensibilityGlobals) = postSolution
		SolutionGuid = {CFCB8331-7BA1-443F-BAB6-450C2EF55FFC}
	EndGlobalSection
EndGlobal
