
Microsoft Visual Studio Solution File, Format Version 12.00
# Visual Studio 15
VisualStudioVersion = 15.0.28307.271
MinimumVisualStudioVersion = 10.0.40219.1
Project("{FAE04EC0-301F-11D3-BF4B-00C04F79EFBC}") = "EllipseDocumentReferenceClassLibrary", "EllipseDocumentReferenceClassLibrary.csproj", "{943E6E82-7DC1-4201-B379-72B3DCA724B2}"
EndProject
Project("{FAE04EC0-301F-11D3-BF4B-00C04F79EFBC}") = "EllipseCommonsClassLibrary", "..\EllipseCommonsClassLibrary\EllipseCommonsClassLibrary.csproj", "{8487253F-F7E1-4C7E-AF6D-B5ABAB28F3A3}"
EndProject
Global
	GlobalSection(SolutionConfigurationPlatforms) = preSolution
		Debug|Any CPU = Debug|Any CPU
		Release|Any CPU = Release|Any CPU
	EndGlobalSection
	GlobalSection(ProjectConfigurationPlatforms) = postSolution
		{943E6E82-7DC1-4201-B379-72B3DCA724B2}.Debug|Any CPU.ActiveCfg = Debug|Any CPU
		{943E6E82-7DC1-4201-B379-72B3DCA724B2}.Debug|Any CPU.Build.0 = Debug|Any CPU
		{943E6E82-7DC1-4201-B379-72B3DCA724B2}.Release|Any CPU.ActiveCfg = Release|Any CPU
		{943E6E82-7DC1-4201-B379-72B3DCA724B2}.Release|Any CPU.Build.0 = Release|Any CPU
		{8487253F-F7E1-4C7E-AF6D-B5ABAB28F3A3}.Debug|Any CPU.ActiveCfg = Debug|Any CPU
		{8487253F-F7E1-4C7E-AF6D-B5ABAB28F3A3}.Debug|Any CPU.Build.0 = Debug|Any CPU
		{8487253F-F7E1-4C7E-AF6D-B5ABAB28F3A3}.Release|Any CPU.ActiveCfg = Release|Any CPU
		{8487253F-F7E1-4C7E-AF6D-B5ABAB28F3A3}.Release|Any CPU.Build.0 = Release|Any CPU
	EndGlobalSection
	GlobalSection(SolutionProperties) = preSolution
		HideSolutionNode = FALSE
	EndGlobalSection
	GlobalSection(ExtensibilityGlobals) = postSolution
		SolutionGuid = {D3A2212A-57FE-4094-8EE6-18EC7C6065C6}
	EndGlobalSection
EndGlobal
