
Microsoft Visual Studio Solution File, Format Version 12.00
# Visual Studio Version 16
VisualStudioVersion = 16.0.30907.101
MinimumVisualStudioVersion = 10.0.40219.1
Project("{FAE04EC0-301F-11D3-BF4B-00C04F79EFBC}") = "EllipseMSE345ExcelAddIn", "EllipseMSE345ExcelAddIn\EllipseMSE345ExcelAddIn.csproj", "{9EBF9EBB-827B-4AD8-BC0F-5CF5E383EEE7}"
EndProject
Project("{FAE04EC0-301F-11D3-BF4B-00C04F79EFBC}") = "EllipseStdTextClassLibrary", "..\EllipseCommonsClassLibraries\EllipseStdTextClassLibrary\EllipseStdTextClassLibrary.csproj", "{55F2204E-933A-4B98-87A4-5BA928275192}"
EndProject
Global
	GlobalSection(SolutionConfigurationPlatforms) = preSolution
		Debug|Any CPU = Debug|Any CPU
		Release|Any CPU = Release|Any CPU
	EndGlobalSection
	GlobalSection(ProjectConfigurationPlatforms) = postSolution
		{9EBF9EBB-827B-4AD8-BC0F-5CF5E383EEE7}.Debug|Any CPU.ActiveCfg = Debug|Any CPU
		{9EBF9EBB-827B-4AD8-BC0F-5CF5E383EEE7}.Debug|Any CPU.Build.0 = Debug|Any CPU
		{9EBF9EBB-827B-4AD8-BC0F-5CF5E383EEE7}.Release|Any CPU.ActiveCfg = Release|Any CPU
		{9EBF9EBB-827B-4AD8-BC0F-5CF5E383EEE7}.Release|Any CPU.Build.0 = Release|Any CPU
		{55F2204E-933A-4B98-87A4-5BA928275192}.Debug|Any CPU.ActiveCfg = Debug|Any CPU
		{55F2204E-933A-4B98-87A4-5BA928275192}.Debug|Any CPU.Build.0 = Debug|Any CPU
		{55F2204E-933A-4B98-87A4-5BA928275192}.Release|Any CPU.ActiveCfg = Release|Any CPU
		{55F2204E-933A-4B98-87A4-5BA928275192}.Release|Any CPU.Build.0 = Release|Any CPU
	EndGlobalSection
	GlobalSection(SolutionProperties) = preSolution
		HideSolutionNode = FALSE
	EndGlobalSection
	GlobalSection(ExtensibilityGlobals) = postSolution
		SolutionGuid = {37C8E9D2-E976-4802-96F6-F0ACFF2E225F}
	EndGlobalSection
EndGlobal
