
Microsoft Visual Studio Solution File, Format Version 12.00
# Visual Studio Version 16
VisualStudioVersion = 16.0.30907.101
MinimumVisualStudioVersion = 10.0.40219.1
Project("{FAE04EC0-301F-11D3-BF4B-00C04F79EFBC}") = "PlaneacionFerrocarril", "PlaneacionFerrocarril.csproj", "{1FFBD74A-36BC-4F50-8F9D-EC8BFA94DD86}"
EndProject
Project("{FAE04EC0-301F-11D3-BF4B-00C04F79EFBC}") = "EllipseJobsClassLibrary", "..\..\EllipseCommonsClassLibraries\EllipseJobsClassLibrary\EllipseJobsClassLibrary.csproj", "{838948CE-353C-41FE-904E-753B4678AEEB}"
EndProject
Project("{FAE04EC0-301F-11D3-BF4B-00C04F79EFBC}") = "EllipseStandardJobsClassLibrary", "..\..\EllipseCommonsClassLibraries\EllipseStandardJobsClassLibrary\EllipseStandardJobsClassLibrary.csproj", "{D83698A3-3B22-4AF7-B92A-26E2A05B1764}"
EndProject
Project("{FAE04EC0-301F-11D3-BF4B-00C04F79EFBC}") = "EllipseWorkOrdersClassLibrary", "..\..\EllipseCommonsClassLibraries\EllipseWorkOrdersClassLibrary\EllipseWorkOrdersClassLibrary.csproj", "{B08F098E-E4DE-4431-8CF1-0E3156B96A00}"
EndProject
Project("{FAE04EC0-301F-11D3-BF4B-00C04F79EFBC}") = "EllipseReferenceCodesClassLibrary", "..\..\EllipseCommonsClassLibraries\EllipseReferenceCodesClassLibrary\EllipseReferenceCodesClassLibrary.csproj", "{093EC04E-6E92-4E59-848B-5B79277FFE9B}"
EndProject
Project("{FAE04EC0-301F-11D3-BF4B-00C04F79EFBC}") = "EllipseStdTextClassLibrary", "..\..\EllipseCommonsClassLibraries\EllipseStdTextClassLibrary\EllipseStdTextClassLibrary.csproj", "{55F2204E-933A-4B98-87A4-5BA928275192}"
EndProject
Global
	GlobalSection(SolutionConfigurationPlatforms) = preSolution
		Debug|Any CPU = Debug|Any CPU
		Release|Any CPU = Release|Any CPU
	EndGlobalSection
	GlobalSection(ProjectConfigurationPlatforms) = postSolution
		{1FFBD74A-36BC-4F50-8F9D-EC8BFA94DD86}.Debug|Any CPU.ActiveCfg = Debug|Any CPU
		{1FFBD74A-36BC-4F50-8F9D-EC8BFA94DD86}.Debug|Any CPU.Build.0 = Debug|Any CPU
		{1FFBD74A-36BC-4F50-8F9D-EC8BFA94DD86}.Release|Any CPU.ActiveCfg = Release|Any CPU
		{1FFBD74A-36BC-4F50-8F9D-EC8BFA94DD86}.Release|Any CPU.Build.0 = Release|Any CPU
		{838948CE-353C-41FE-904E-753B4678AEEB}.Debug|Any CPU.ActiveCfg = Debug|Any CPU
		{838948CE-353C-41FE-904E-753B4678AEEB}.Debug|Any CPU.Build.0 = Debug|Any CPU
		{838948CE-353C-41FE-904E-753B4678AEEB}.Release|Any CPU.ActiveCfg = Release|Any CPU
		{838948CE-353C-41FE-904E-753B4678AEEB}.Release|Any CPU.Build.0 = Release|Any CPU
		{D83698A3-3B22-4AF7-B92A-26E2A05B1764}.Debug|Any CPU.ActiveCfg = Debug|Any CPU
		{D83698A3-3B22-4AF7-B92A-26E2A05B1764}.Debug|Any CPU.Build.0 = Debug|Any CPU
		{D83698A3-3B22-4AF7-B92A-26E2A05B1764}.Release|Any CPU.ActiveCfg = Release|Any CPU
		{D83698A3-3B22-4AF7-B92A-26E2A05B1764}.Release|Any CPU.Build.0 = Release|Any CPU
		{B08F098E-E4DE-4431-8CF1-0E3156B96A00}.Debug|Any CPU.ActiveCfg = Debug|Any CPU
		{B08F098E-E4DE-4431-8CF1-0E3156B96A00}.Debug|Any CPU.Build.0 = Debug|Any CPU
		{B08F098E-E4DE-4431-8CF1-0E3156B96A00}.Release|Any CPU.ActiveCfg = Release|Any CPU
		{B08F098E-E4DE-4431-8CF1-0E3156B96A00}.Release|Any CPU.Build.0 = Release|Any CPU
		{093EC04E-6E92-4E59-848B-5B79277FFE9B}.Debug|Any CPU.ActiveCfg = Debug|Any CPU
		{093EC04E-6E92-4E59-848B-5B79277FFE9B}.Debug|Any CPU.Build.0 = Debug|Any CPU
		{093EC04E-6E92-4E59-848B-5B79277FFE9B}.Release|Any CPU.ActiveCfg = Release|Any CPU
		{093EC04E-6E92-4E59-848B-5B79277FFE9B}.Release|Any CPU.Build.0 = Release|Any CPU
		{55F2204E-933A-4B98-87A4-5BA928275192}.Debug|Any CPU.ActiveCfg = Debug|Any CPU
		{55F2204E-933A-4B98-87A4-5BA928275192}.Debug|Any CPU.Build.0 = Debug|Any CPU
		{55F2204E-933A-4B98-87A4-5BA928275192}.Release|Any CPU.ActiveCfg = Release|Any CPU
		{55F2204E-933A-4B98-87A4-5BA928275192}.Release|Any CPU.Build.0 = Release|Any CPU
	EndGlobalSection
	GlobalSection(SolutionProperties) = preSolution
		HideSolutionNode = FALSE
	EndGlobalSection
	GlobalSection(ExtensibilityGlobals) = postSolution
		SolutionGuid = {2ADE1E8A-3BE0-42D0-B970-096075E0E1C4}
	EndGlobalSection
EndGlobal
