
Microsoft Visual Studio Solution File, Format Version 12.00
# Visual Studio 2013
VisualStudioVersion = 12.0.31101.0
MinimumVisualStudioVersion = 10.0.40219.1
Project("{FAE04EC0-301F-11D3-BF4B-00C04F79EFBC}") = "EllipseStdTextClassLibrary", "EllipseStdTextClassLibrary.csproj", "{55F2204E-933A-4B98-87A4-5BA928275192}"
EndProject
Project("{FAE04EC0-301F-11D3-BF4B-00C04F79EFBC}") = "EllipseUtilitiesClassLibrary", "..\EllipseUtilitiesClassLibrary\EllipseUtilitiesClassLibrary.csproj", "{50C3740C-5444-4914-9EB0-F72BB0774456}"
EndProject
Project("{FAE04EC0-301F-11D3-BF4B-00C04F79EFBC}") = "EllipseCommonsClassLibrary", "..\EllipseCommonsClassLibrary\EllipseCommonsClassLibrary.csproj", "{8487253F-F7E1-4C7E-AF6D-B5ABAB28F3A3}"
EndProject
Global
	GlobalSection(SolutionConfigurationPlatforms) = preSolution
		Debug|Any CPU = Debug|Any CPU
		Release|Any CPU = Release|Any CPU
	EndGlobalSection
	GlobalSection(ProjectConfigurationPlatforms) = postSolution
		{55F2204E-933A-4B98-87A4-5BA928275192}.Debug|Any CPU.ActiveCfg = Debug|Any CPU
		{55F2204E-933A-4B98-87A4-5BA928275192}.Debug|Any CPU.Build.0 = Debug|Any CPU
		{55F2204E-933A-4B98-87A4-5BA928275192}.Release|Any CPU.ActiveCfg = Release|Any CPU
		{55F2204E-933A-4B98-87A4-5BA928275192}.Release|Any CPU.Build.0 = Release|Any CPU
		{50C3740C-5444-4914-9EB0-F72BB0774456}.Debug|Any CPU.ActiveCfg = Debug|Any CPU
		{50C3740C-5444-4914-9EB0-F72BB0774456}.Debug|Any CPU.Build.0 = Debug|Any CPU
		{50C3740C-5444-4914-9EB0-F72BB0774456}.Release|Any CPU.ActiveCfg = Release|Any CPU
		{50C3740C-5444-4914-9EB0-F72BB0774456}.Release|Any CPU.Build.0 = Release|Any CPU
		{8487253F-F7E1-4C7E-AF6D-B5ABAB28F3A3}.Debug|Any CPU.ActiveCfg = Debug|Any CPU
		{8487253F-F7E1-4C7E-AF6D-B5ABAB28F3A3}.Debug|Any CPU.Build.0 = Debug|Any CPU
		{8487253F-F7E1-4C7E-AF6D-B5ABAB28F3A3}.Release|Any CPU.ActiveCfg = Release|Any CPU
		{8487253F-F7E1-4C7E-AF6D-B5ABAB28F3A3}.Release|Any CPU.Build.0 = Release|Any CPU
	EndGlobalSection
	GlobalSection(SolutionProperties) = preSolution
		HideSolutionNode = FALSE
	EndGlobalSection
EndGlobal
